%{"amnesia": {:git, "https://github.com/meh/amnesia.git", "63f6aef1888b15669f80b5e06af32d151f23e4ff", [tag: :master]},
  "connection": {:hex, :connection, "1.0.2"},
  "exquisite": {:hex, :exquisite, "0.1.6"},
  "gproc": {:hex, :gproc, "0.5.0"},
  "ranch": {:hex, :ranch, "1.2.1"},
  "socket": {:hex, :socket, "0.3.1"}}
