%{"amnesia": {:hex, :amnesia, "0.2.5", "3202e0b01e380671274caea32fbe78bbd1989e1215215f41a2d97583e5c7d163", [:mix], [{:exquisite, "~> 0.1.6", [hex: :exquisite, repo: "hexpm", optional: false]}], "hexpm"},
  "connection": {:hex, :connection, "1.0.2"},
  "dialyxir": {:hex, :dialyxir, "0.5.1", "b331b091720fd93e878137add264bac4f644e1ddae07a70bf7062c7862c4b952", [:mix], [], "hexpm"},
  "earmark": {:hex, :earmark, "1.2.3", "206eb2e2ac1a794aa5256f3982de7a76bf4579ff91cb28d0e17ea2c9491e46a4", [:mix], [], "hexpm"},
  "emqttd": {:git, "https://github.com/emqtt/emqttd.git", "4cfa07d774ac825f61d2ea9bb6392807e65839b9", []},
  "esockd": {:git, "git://github.com/emqtt/esockd.git", "e6c27801bb5331d064081ef6d6af291a2878038c", [branch: "master"]},
  "ex_doc": {:hex, :ex_doc, "0.16.3", "cd2a4cfe5d26e37502d3ec776702c72efa1adfa24ed9ce723bb565f4c30bd31a", [:mix], [{:earmark, "~> 1.1", [hex: :earmark, repo: "hexpm", optional: false]}], "hexpm"},
  "exquisite": {:hex, :exquisite, "0.1.6", "3862fc287ac4247298a8018da6b226c08d08515134e74e6638a9e1236576e745", [:mix], [], "hexpm"},
  "gen_logger": {:git, "git://github.com/emqtt/gen_logger.git", "f985723843926f1814818bf63646b3dedf5c9fb3", [branch: "master"]},
  "goldrush": {:git, "git://github.com/DeadZen/goldrush.git", "212299233c7e7eb63a97be2777e1c05ebaa58dbe", [tag: "0.1.8"]},
  "gproc": {:hex, :gproc, "0.5.0"},
  "lager": {:git, "git://github.com/basho/lager.git", "b2cb2735713e3021e0761623ff595d53a545438e", [branch: "master"]},
  "mochiweb": {:git, "git://github.com/emqtt/mochiweb.git", "f1ce26fe373b2a9b52b0b1a5d2306ebb225af7bd", [branch: "master"]},
  "ranch": {:hex, :ranch, "1.2.1"},
  "socket": {:hex, :socket, "0.3.1", "c17c6da3f85ae07b730fcfa3b9b44051e1f7cbd5c202c46ea926493004d4cc18", [:mix], [], "hexpm"}}
